GEM
  specs:
    ast (2.4.2)
    diff-lcs (1.5.0)
    minitest (5.16.2)
    mutant (0.11.14)
      diff-lcs (~> 1.3)
      parser (~> 3.1.0)
      regexp_parser (~> 2.3, >= 2.3.1)
      sorbet-runtime (~> 0.5.0)
      unparser (~> 0.6.5)
    mutant-minitest (0.11.14)
      minitest (~> 5.11)
      mutant (= 0.11.14)
    mutant-rspec (0.11.14)
      mutant (= 0.11.14)
      rspec-core (>= 3.8.0, < 4.0.0)
    parser (3.1.2.0)
      ast (~> 2.4.1)
    rake (13.0.6)
    regexp_parser (2.5.0)
    rspec (3.11.0)
      rspec-core (~> 3.11.0)
      rspec-expectations (~> 3.11.0)
      rspec-mocks (~> 3.11.0)
    rspec-core (3.11.0)
      rspec-support (~> 3.11.0)
    rspec-expectations (3.11.0)
      diff-lcs (>= 1.2.0, < 2.0)
      rspec-support (~> 3.11.0)
    rspec-mocks (3.11.1)
      diff-lcs (>= 1.2.0, < 2.0)
      rspec-support (~> 3.11.0)
    rspec-support (3.11.0)
    sorbet-runtime (0.5.10286)
    unparser (0.6.5)
      diff-lcs (~> 1.3)
      parser (>= 3.1.0)

GEM
  remote: https://oss:7AXfeZdAfCqL1PvHm2nvDJO6Zd9UW8IK@gem.mutant.dev/
  specs:
    mutant-license (0.1.1.2.1627430819213747598431630701693729869473.4)

PLATFORMS
  arm64-darwin-21

DEPENDENCIES
  mutant (= 0.11.14)
  mutant-license!
  mutant-minitest (= 0.11.14)
  mutant-rspec (= 0.11.14)
  rake (>= 10.0)
  rspec (~> 3.6)

BUNDLED WITH
   2.3.14
